
Microsoft Visual Studio Solution File, Format Version 12.00
# Visual Studio 15
VisualStudioVersion = 15.0.27703.2047
MinimumVisualStudioVersion = 10.0.40219.1
Project("{FAE04EC0-301F-11D3-BF4B-00C04F79EFBC}") = "OpenGLPresentation", "OpenGLPresentation\OpenGLPresentation.csproj", "{19F7589F-96F6-4615-96C8-5781EC506B5A}"
EndProject
Global
	GlobalSection(SolutionConfigurationPlatforms) = preSolution
		Debug|Any CPU = Debug|Any CPU
		Release|Any CPU = Release|Any CPU
	EndGlobalSection
	GlobalSection(ProjectConfigurationPlatforms) = postSolution
		{19F7589F-96F6-4615-96C8-5781EC506B5A}.Debug|Any CPU.ActiveCfg = Debug|Any CPU
		{19F7589F-96F6-4615-96C8-5781EC506B5A}.Debug|Any CPU.Build.0 = Debug|Any CPU
		{19F7589F-96F6-4615-96C8-5781EC506B5A}.Release|Any CPU.ActiveCfg = Release|Any CPU
		{19F7589F-96F6-4615-96C8-5781EC506B5A}.Release|Any CPU.Build.0 = Release|Any CPU
	EndGlobalSection
	GlobalSection(SolutionProperties) = preSolution
		HideSolutionNode = FALSE
	EndGlobalSection
	GlobalSection(ExtensibilityGlobals) = postSolution
		SolutionGuid = {894FD173-66A2-4A07-ADCF-B313D8E7BFFE}
	EndGlobalSection
EndGlobal
